
Microsoft Visual Studio Solution File, Format Version 12.00
# Visual Studio Version 16
VisualStudioVersion = 16.0.31613.86
MinimumVisualStudioVersion = 10.0.40219.1
Project("{FAE04EC0-301F-11D3-BF4B-00C04F79EFBC}") = "Touhou Project", "Touhou Project\Touhou Project.csproj", "{471E67AD-D4C5-4572-8E51-5BAA45835B74}"
EndProject
Global
	GlobalSection(SolutionConfigurationPlatforms) = preSolution
		Debug|Any CPU = Debug|Any CPU
		Release|Any CPU = Release|Any CPU
	EndGlobalSection
	GlobalSection(ProjectConfigurationPlatforms) = postSolution
		{471E67AD-D4C5-4572-8E51-5BAA45835B74}.Debug|Any CPU.ActiveCfg = Debug|Any CPU
		{471E67AD-D4C5-4572-8E51-5BAA45835B74}.Debug|Any CPU.Build.0 = Debug|Any CPU
		{471E67AD-D4C5-4572-8E51-5BAA45835B74}.Release|Any CPU.ActiveCfg = Release|Any CPU
		{471E67AD-D4C5-4572-8E51-5BAA45835B74}.Release|Any CPU.Build.0 = Release|Any CPU
	EndGlobalSection
	GlobalSection(SolutionProperties) = preSolution
		HideSolutionNode = FALSE
	EndGlobalSection
	GlobalSection(ExtensibilityGlobals) = postSolution
		SolutionGuid = {17FA2F3D-0339-4930-AF0B-275D29C40FE2}
	EndGlobalSection
EndGlobal
